// !$*UTF8*$!
{
	archiveVersion = 1;
	classes = {
	};
	objectVersion = 77;
	objects = {

/* Begin PBXBuildFile section */
		A86A36B82D2E6E7700388942 /* TrackaTests.swift in Sources */ = {isa = PBXBuildFile; fileRef = A86A36B62D2E6E7700388942 /* TrackaTests.swift */; };
		A86A36B92D2E6E7700388942 /* TrackaTests.swift in Sources */ = {isa = PBXBuildFile; fileRef = A86A36B62D2E6E7700388942 /* TrackaTests.swift */; };
		A86A36BD2D2E6E8500388942 /* TrackaUITestsLaunchTests.swift in Sources */ = {isa = PBXBuildFile; fileRef = A86A36BB2D2E6E8500388942 /* TrackaUITestsLaunchTests.swift */; };
		A86A36BE2D2E6E8500388942 /* TrackaUITests.swift in Sources */ = {isa = PBXBuildFile; fileRef = A86A36BA2D2E6E8500388942 /* TrackaUITests.swift */; };
		A86A36BF2D2E6E8500388942 /* TrackaUITestsLaunchTests.swift in Sources */ = {isa = PBXBuildFile; fileRef = A86A36BB2D2E6E8500388942 /* TrackaUITestsLaunchTests.swift */; };
		A86A36C02D2E6E8500388942 /* TrackaUITests.swift in Sources */ = {isa = PBXBuildFile; fileRef = A86A36BA2D2E6E8500388942 /* TrackaUITests.swift */; };
		A86A36DB2D2E6EC500388942 /* Preview Assets.xcassets in Resources */ = {isa = PBXBuildFile; fileRef = A86A36C82D2E6EC500388942 /* Preview Assets.xcassets */; };
		A86A36DC2D2E6EC500388942 /* Assets.xcassets in Resources */ = {isa = PBXBuildFile; fileRef = A86A36D62D2E6EC500388942 /* Assets.xcassets */; };
		A86A36DD2D2E6EC500388942 /* ListDivider.swift in Sources */ = {isa = PBXBuildFile; fileRef = A86A36C22D2E6EC500388942 /* ListDivider.swift */; };
		A86A36DE2D2E6EC500388942 /* PrimaryMedication.swift in Sources */ = {isa = PBXBuildFile; fileRef = A86A36D72D2E6EC500388942 /* PrimaryMedication.swift */; };
		A86A36E02D2E6EC500388942 /* TodayView.swift in Sources */ = {isa = PBXBuildFile; fileRef = A86A36CE2D2E6EC500388942 /* TodayView.swift */; };
		A86A36E12D2E6EC500388942 /* RowDivider.swift in Sources */ = {isa = PBXBuildFile; fileRef = A86A36C32D2E6EC500388942 /* RowDivider.swift */; };
		A86A36E22D2E6EC500388942 /* TrackaApp.swift in Sources */ = {isa = PBXBuildFile; fileRef = A86A36D92D2E6EC500388942 /* TrackaApp.swift */; };
		A86A36E32D2E6EC500388942 /* Button+.swift in Sources */ = {isa = PBXBuildFile; fileRef = A86A36C12D2E6EC500388942 /* Button+.swift */; };
		A86A36E42D2E6EC500388942 /* Cycle.swift in Sources */ = {isa = PBXBuildFile; fileRef = A86A36C62D2E6EC500388942 /* Cycle.swift */; };
		A86A36E52D2E6EC500388942 /* PrimaryMedicationListView.swift in Sources */ = {isa = PBXBuildFile; fileRef = A86A36CB2D2E6EC500388942 /* PrimaryMedicationListView.swift */; };
		A86A36E62D2E6EC500388942 /* Row.swift in Sources */ = {isa = PBXBuildFile; fileRef = A86A36D32D2E6EC500388942 /* Row.swift */; };
		A86A36E72D2E6EC500388942 /* PrimaryMedicationRow.swift in Sources */ = {isa = PBXBuildFile; fileRef = A86A36CC2D2E6EC500388942 /* PrimaryMedicationRow.swift */; };
		A86A36E82D2E6EC500388942 /* NewTodayView.swift in Sources */ = {isa = PBXBuildFile; fileRef = A86A36D12D2E6EC500388942 /* NewTodayView.swift */; };
		A86A36E92D2E6EC500388942 /* Color+.swift in Sources */ = {isa = PBXBuildFile; fileRef = A86A36C52D2E6EC500388942 /* Color+.swift */; };
		A86A36EA2D2E6EC500388942 /* TodayViewListRow.swift in Sources */ = {isa = PBXBuildFile; fileRef = A86A36CF2D2E6EC500388942 /* TodayViewListRow.swift */; };
		A86A36EB2D2E6EC500388942 /* NewPrimaryMedicationView.swift in Sources */ = {isa = PBXBuildFile; fileRef = A86A36D22D2E6EC500388942 /* NewPrimaryMedicationView.swift */; };
		A86A36EC2D2E6EC500388942 /* AddPrimaryMedicationView.swift in Sources */ = {isa = PBXBuildFile; fileRef = A86A36CA2D2E6EC500388942 /* AddPrimaryMedicationView.swift */; };
/* End PBXBuildFile section */

/* Begin PBXContainerItemProxy section */
		79BA66302CA3A220002FFE3C /* PBXContainerItemProxy */ = {
			isa = PBXContainerItemProxy;
			containerPortal = 79BA66142CA3A21E002FFE3C /* Project object */;
			proxyType = 1;
			remoteGlobalIDString = 79BA661B2CA3A21E002FFE3C;
			remoteInfo = Apillog;
		};
		79BA663A2CA3A220002FFE3C /* PBXContainerItemProxy */ = {
			isa = PBXContainerItemProxy;
			containerPortal = 79BA66142CA3A21E002FFE3C /* Project object */;
			proxyType = 1;
			remoteGlobalIDString = 79BA661B2CA3A21E002FFE3C;
			remoteInfo = Apillog;
		};
/* End PBXContainerItemProxy section */

/* Begin PBXFileReference section */
		79BA661C2CA3A21E002FFE3C /* Tracka.app */ = {isa = PBXFileReference; explicitFileType = wrapper.application; includeInIndex = 0; path = Tracka.app; sourceTree = BUILT_PRODUCTS_DIR; };
		79BA662F2CA3A220002FFE3C /* TrackaTests.xctest */ = {isa = PBXFileReference; explicitFileType = wrapper.cfbundle; includeInIndex = 0; path = TrackaTests.xctest; sourceTree = BUILT_PRODUCTS_DIR; };
		79BA66392CA3A220002FFE3C /* TrackaUITests.xctest */ = {isa = PBXFileReference; explicitFileType = wrapper.cfbundle; includeInIndex = 0; path = TrackaUITests.xctest; sourceTree = BUILT_PRODUCTS_DIR; };
		A86A36B62D2E6E7700388942 /* TrackaTests.swift */ = {isa = PBXFileReference; lastKnownFileType = sourcecode.swift; path = TrackaTests.swift; sourceTree = "<group>"; };
		A86A36BA2D2E6E8500388942 /* TrackaUITests.swift */ = {isa = PBXFileReference; lastKnownFileType = sourcecode.swift; path = TrackaUITests.swift; sourceTree = "<group>"; };
		A86A36BB2D2E6E8500388942 /* TrackaUITestsLaunchTests.swift */ = {isa = PBXFileReference; lastKnownFileType = sourcecode.swift; path = TrackaUITestsLaunchTests.swift; sourceTree = "<group>"; };
		A86A36C12D2E6EC500388942 /* Button+.swift */ = {isa = PBXFileReference; lastKnownFileType = sourcecode.swift; path = "Button+.swift"; sourceTree = "<group>"; };
		A86A36C22D2E6EC500388942 /* ListDivider.swift */ = {isa = PBXFileReference; lastKnownFileType = sourcecode.swift; path = ListDivider.swift; sourceTree = "<group>"; };
		A86A36C32D2E6EC500388942 /* RowDivider.swift */ = {isa = PBXFileReference; lastKnownFileType = sourcecode.swift; path = RowDivider.swift; sourceTree = "<group>"; };
		A86A36C52D2E6EC500388942 /* Color+.swift */ = {isa = PBXFileReference; lastKnownFileType = sourcecode.swift; path = "Color+.swift"; sourceTree = "<group>"; };
		A86A36C62D2E6EC500388942 /* Cycle.swift */ = {isa = PBXFileReference; lastKnownFileType = sourcecode.swift; path = Cycle.swift; sourceTree = "<group>"; };
		A86A36C82D2E6EC500388942 /* Preview Assets.xcassets */ = {isa = PBXFileReference; lastKnownFileType = folder.assetcatalog; path = "Preview Assets.xcassets"; sourceTree = "<group>"; };
		A86A36CA2D2E6EC500388942 /* AddPrimaryMedicationView.swift */ = {isa = PBXFileReference; lastKnownFileType = sourcecode.swift; path = AddPrimaryMedicationView.swift; sourceTree = "<group>"; };
		A86A36CB2D2E6EC500388942 /* PrimaryMedicationListView.swift */ = {isa = PBXFileReference; lastKnownFileType = sourcecode.swift; path = PrimaryMedicationListView.swift; sourceTree = "<group>"; };
		A86A36CC2D2E6EC500388942 /* PrimaryMedicationRow.swift */ = {isa = PBXFileReference; lastKnownFileType = sourcecode.swift; path = PrimaryMedicationRow.swift; sourceTree = "<group>"; };
		A86A36CE2D2E6EC500388942 /* TodayView.swift */ = {isa = PBXFileReference; lastKnownFileType = sourcecode.swift; path = TodayView.swift; sourceTree = "<group>"; };
		A86A36CF2D2E6EC500388942 /* TodayViewListRow.swift */ = {isa = PBXFileReference; lastKnownFileType = sourcecode.swift; path = TodayViewListRow.swift; sourceTree = "<group>"; };
		A86A36D12D2E6EC500388942 /* NewTodayView.swift */ = {isa = PBXFileReference; lastKnownFileType = sourcecode.swift; path = NewTodayView.swift; sourceTree = "<group>"; };
		A86A36D22D2E6EC500388942 /* NewPrimaryMedicationView.swift */ = {isa = PBXFileReference; lastKnownFileType = sourcecode.swift; path = NewPrimaryMedicationView.swift; sourceTree = "<group>"; };
		A86A36D32D2E6EC500388942 /* Row.swift */ = {isa = PBXFileReference; lastKnownFileType = sourcecode.swift; path = Row.swift; sourceTree = "<group>"; };
		A86A36D62D2E6EC500388942 /* Assets.xcassets */ = {isa = PBXFileReference; lastKnownFileType = folder.assetcatalog; path = Assets.xcassets; sourceTree = "<group>"; };
		A86A36D72D2E6EC500388942 /* PrimaryMedication.swift */ = {isa = PBXFileReference; lastKnownFileType = sourcecode.swift; path = PrimaryMedication.swift; sourceTree = "<group>"; };
		A86A36D82D2E6EC500388942 /* Tracka.entitlements */ = {isa = PBXFileReference; lastKnownFileType = text.plist.entitlements; path = Tracka.entitlements; sourceTree = "<group>"; };
		A86A36D92D2E6EC500388942 /* TrackaApp.swift */ = {isa = PBXFileReference; lastKnownFileType = sourcecode.swift; path = TrackaApp.swift; sourceTree = "<group>"; };
/* End PBXFileReference section */

/* Begin PBXFrameworksBuildPhase section */
		79BA66192CA3A21E002FFE3C /* Frameworks */ = {
			isa = PBXFrameworksBuildPhase;
			buildActionMask = 2147483647;
			files = (
			);
			runOnlyForDeploymentPostprocessing = 0;
		};
		79BA662C2CA3A220002FFE3C /* Frameworks */ = {
			isa = PBXFrameworksBuildPhase;
			buildActionMask = 2147483647;
			files = (
			);
			runOnlyForDeploymentPostprocessing = 0;
		};
		79BA66362CA3A220002FFE3C /* Frameworks */ = {
			isa = PBXFrameworksBuildPhase;
			buildActionMask = 2147483647;
			files = (
			);
			runOnlyForDeploymentPostprocessing = 0;
		};
/* End PBXFrameworksBuildPhase section */

/* Begin PBXGroup section */
		79BA66132CA3A21E002FFE3C = {
			isa = PBXGroup;
			children = (
				79BA661D2CA3A21E002FFE3C /* Products */,
				A86A36B72D2E6E7700388942 /* TrackaTests */,
				A86A36BC2D2E6E8500388942 /* TrackaUITests */,
				A86A36DA2D2E6EC500388942 /* Tracka */,
			);
			sourceTree = "<group>";
		};
		79BA661D2CA3A21E002FFE3C /* Products */ = {
			isa = PBXGroup;
			children = (
				79BA661C2CA3A21E002FFE3C /* Tracka.app */,
				79BA662F2CA3A220002FFE3C /* TrackaTests.xctest */,
				79BA66392CA3A220002FFE3C /* TrackaUITests.xctest */,
			);
			name = Products;
			sourceTree = "<group>";
		};
		A86A36B72D2E6E7700388942 /* TrackaTests */ = {
			isa = PBXGroup;
			children = (
				A86A36B62D2E6E7700388942 /* TrackaTests.swift */,
			);
			path = TrackaTests;
			sourceTree = "<group>";
		};
		A86A36BC2D2E6E8500388942 /* TrackaUITests */ = {
			isa = PBXGroup;
			children = (
				A86A36BA2D2E6E8500388942 /* TrackaUITests.swift */,
				A86A36BB2D2E6E8500388942 /* TrackaUITestsLaunchTests.swift */,
			);
			path = TrackaUITests;
			sourceTree = "<group>";
		};
		A86A36C42D2E6EC500388942 /* Components */ = {
			isa = PBXGroup;
			children = (
				A86A36C12D2E6EC500388942 /* Button+.swift */,
				A86A36C22D2E6EC500388942 /* ListDivider.swift */,
				A86A36C32D2E6EC500388942 /* RowDivider.swift */,
			);
			path = Components;
			sourceTree = "<group>";
		};
		A86A36C72D2E6EC500388942 /* Common */ = {
			isa = PBXGroup;
			children = (
				A86A36C42D2E6EC500388942 /* Components */,
				A86A36C52D2E6EC500388942 /* Color+.swift */,
				A86A36C62D2E6EC500388942 /* Cycle.swift */,
			);
			path = Common;
			sourceTree = "<group>";
		};
		A86A36C92D2E6EC500388942 /* Preview Content */ = {
			isa = PBXGroup;
			children = (
				A86A36C82D2E6EC500388942 /* Preview Assets.xcassets */,
			);
			path = "Preview Content";
			sourceTree = "<group>";
		};
		A86A36CD2D2E6EC500388942 /* PrimaryMedicationView */ = {
			isa = PBXGroup;
			children = (
				A86A36CA2D2E6EC500388942 /* AddPrimaryMedicationView.swift */,
				A86A36CB2D2E6EC500388942 /* PrimaryMedicationListView.swift */,
				A86A36CC2D2E6EC500388942 /* PrimaryMedicationRow.swift */,
			);
			path = PrimaryMedicationView;
			sourceTree = "<group>";
		};
		A86A36D02D2E6EC500388942 /* TodayView */ = {
			isa = PBXGroup;
			children = (
				A86A36CE2D2E6EC500388942 /* TodayView.swift */,
				A86A36CF2D2E6EC500388942 /* TodayViewListRow.swift */,
			);
			path = TodayView;
			sourceTree = "<group>";
		};
		A86A36D52D2E6EC500388942 /* Views */ = {
			isa = PBXGroup;
			children = (
				A86A36CD2D2E6EC500388942 /* PrimaryMedicationView */,
				A86A36D02D2E6EC500388942 /* TodayView */,
				A86A36D12D2E6EC500388942 /* NewTodayView.swift */,
				A86A36D22D2E6EC500388942 /* NewPrimaryMedicationView.swift */,
				A86A36D32D2E6EC500388942 /* Row.swift */,
			);
			path = Views;
			sourceTree = "<group>";
		};
		A86A36DA2D2E6EC500388942 /* Tracka */ = {
			isa = PBXGroup;
			children = (
				A86A36C72D2E6EC500388942 /* Common */,
				A86A36C92D2E6EC500388942 /* Preview Content */,
				A86A36D52D2E6EC500388942 /* Views */,
				A86A36D62D2E6EC500388942 /* Assets.xcassets */,
				A86A36D72D2E6EC500388942 /* PrimaryMedication.swift */,
				A86A36D82D2E6EC500388942 /* Tracka.entitlements */,
				A86A36D92D2E6EC500388942 /* TrackaApp.swift */,
			);
			path = Tracka;
			sourceTree = "<group>";
		};
/* End PBXGroup section */

/* Begin PBXNativeTarget section */
		79BA661B2CA3A21E002FFE3C /* Tracka */ = {
			isa = PBXNativeTarget;
			buildConfigurationList = 79BA66432CA3A220002FFE3C /* Build configuration list for PBXNativeTarget "Tracka" */;
			buildPhases = (
				79BA66182CA3A21E002FFE3C /* Sources */,
				79BA66192CA3A21E002FFE3C /* Frameworks */,
				79BA661A2CA3A21E002FFE3C /* Resources */,
			);
			buildRules = (
			);
			dependencies = (
			);
			name = Tracka;
			packageProductDependencies = (
			);
			productName = Apillog;
			productReference = 79BA661C2CA3A21E002FFE3C /* Tracka.app */;
			productType = "com.apple.product-type.application";
		};
		79BA662E2CA3A220002FFE3C /* TrackaTests */ = {
			isa = PBXNativeTarget;
			buildConfigurationList = 79BA66462CA3A220002FFE3C /* Build configuration list for PBXNativeTarget "TrackaTests" */;
			buildPhases = (
				79BA662B2CA3A220002FFE3C /* Sources */,
				79BA662C2CA3A220002FFE3C /* Frameworks */,
				79BA662D2CA3A220002FFE3C /* Resources */,
			);
			buildRules = (
			);
			dependencies = (
				79BA66312CA3A220002FFE3C /* PBXTargetDependency */,
			);
			name = TrackaTests;
			packageProductDependencies = (
			);
			productName = ApillogTests;
			productReference = 79BA662F2CA3A220002FFE3C /* TrackaTests.xctest */;
			productType = "com.apple.product-type.bundle.unit-test";
		};
		79BA66382CA3A220002FFE3C /* TrackaUITests */ = {
			isa = PBXNativeTarget;
			buildConfigurationList = 79BA66492CA3A220002FFE3C /* Build configuration list for PBXNativeTarget "TrackaUITests" */;
			buildPhases = (
				79BA66352CA3A220002FFE3C /* Sources */,
				79BA66362CA3A220002FFE3C /* Frameworks */,
				79BA66372CA3A220002FFE3C /* Resources */,
			);
			buildRules = (
			);
			dependencies = (
				79BA663B2CA3A220002FFE3C /* PBXTargetDependency */,
			);
			name = TrackaUITests;
			packageProductDependencies = (
			);
			productName = ApillogUITests;
			productReference = 79BA66392CA3A220002FFE3C /* TrackaUITests.xctest */;
			productType = "com.apple.product-type.bundle.ui-testing";
		};
/* End PBXNativeTarget section */

/* Begin PBXProject section */
		79BA66142CA3A21E002FFE3C /* Project object */ = {
			isa = PBXProject;
			attributes = {
				BuildIndependentTargetsInParallel = 1;
				LastSwiftUpdateCheck = 1600;
				LastUpgradeCheck = 1620;
				TargetAttributes = {
					79BA661B2CA3A21E002FFE3C = {
						CreatedOnToolsVersion = 16.0;
					};
					79BA662E2CA3A220002FFE3C = {
						CreatedOnToolsVersion = 16.0;
						TestTargetID = 79BA661B2CA3A21E002FFE3C;
					};
					79BA66382CA3A220002FFE3C = {
						CreatedOnToolsVersion = 16.0;
						TestTargetID = 79BA661B2CA3A21E002FFE3C;
					};
				};
			};
			buildConfigurationList = 79BA66172CA3A21E002FFE3C /* Build configuration list for PBXProject "Tracka" */;
			developmentRegion = en;
			hasScannedForEncodings = 0;
			knownRegions = (
				en,
				Base,
			);
			mainGroup = 79BA66132CA3A21E002FFE3C;
			minimizedProjectReferenceProxies = 1;
			preferredProjectObjectVersion = 77;
			productRefGroup = 79BA661D2CA3A21E002FFE3C /* Products */;
			projectDirPath = "";
			projectRoot = "";
			targets = (
				79BA661B2CA3A21E002FFE3C /* Tracka */,
				79BA662E2CA3A220002FFE3C /* TrackaTests */,
				79BA66382CA3A220002FFE3C /* TrackaUITests */,
			);
		};
/* End PBXProject section */

/* Begin PBXResourcesBuildPhase section */
		79BA661A2CA3A21E002FFE3C /* Resources */ = {
			isa = PBXResourcesBuildPhase;
			buildActionMask = 2147483647;
			files = (
				A86A36DB2D2E6EC500388942 /* Preview Assets.xcassets in Resources */,
				A86A36DC2D2E6EC500388942 /* Assets.xcassets in Resources */,
			);
			runOnlyForDeploymentPostprocessing = 0;
		};
		79BA662D2CA3A220002FFE3C /* Resources */ = {
			isa = PBXResourcesBuildPhase;
			buildActionMask = 2147483647;
			files = (
			);
			runOnlyForDeploymentPostprocessing = 0;
		};
		79BA66372CA3A220002FFE3C /* Resources */ = {
			isa = PBXResourcesBuildPhase;
			buildActionMask = 2147483647;
			files = (
			);
			runOnlyForDeploymentPostprocessing = 0;
		};
/* End PBXResourcesBuildPhase section */

/* Begin PBXSourcesBuildPhase section */
		79BA66182CA3A21E002FFE3C /* Sources */ = {
			isa = PBXSourcesBuildPhase;
			buildActionMask = 2147483647;
			files = (
				A86A36BD2D2E6E8500388942 /* TrackaUITestsLaunchTests.swift in Sources */,
				A86A36BE2D2E6E8500388942 /* TrackaUITests.swift in Sources */,
				A86A36B82D2E6E7700388942 /* TrackaTests.swift in Sources */,
				A86A36DD2D2E6EC500388942 /* ListDivider.swift in Sources */,
				A86A36DE2D2E6EC500388942 /* PrimaryMedication.swift in Sources */,
				A86A36E02D2E6EC500388942 /* TodayView.swift in Sources */,
				A86A36E12D2E6EC500388942 /* RowDivider.swift in Sources */,
				A86A36E22D2E6EC500388942 /* TrackaApp.swift in Sources */,
				A86A36E32D2E6EC500388942 /* Button+.swift in Sources */,
				A86A36E42D2E6EC500388942 /* Cycle.swift in Sources */,
				A86A36E52D2E6EC500388942 /* PrimaryMedicationListView.swift in Sources */,
				A86A36E62D2E6EC500388942 /* Row.swift in Sources */,
				A86A36E72D2E6EC500388942 /* PrimaryMedicationRow.swift in Sources */,
				A86A36E82D2E6EC500388942 /* NewTodayView.swift in Sources */,
				A86A36E92D2E6EC500388942 /* Color+.swift in Sources */,
				A86A36EA2D2E6EC500388942 /* TodayViewListRow.swift in Sources */,
				A86A36EB2D2E6EC500388942 /* NewPrimaryMedicationView.swift in Sources */,
				A86A36EC2D2E6EC500388942 /* AddPrimaryMedicationView.swift in Sources */,
			);
			runOnlyForDeploymentPostprocessing = 0;
		};
		79BA662B2CA3A220002FFE3C /* Sources */ = {
			isa = PBXSourcesBuildPhase;
			buildActionMask = 2147483647;
			files = (
			);
			runOnlyForDeploymentPostprocessing = 0;
		};
		79BA66352CA3A220002FFE3C /* Sources */ = {
			isa = PBXSourcesBuildPhase;
			buildActionMask = 2147483647;
			files = (
				A86A36B92D2E6E7700388942 /* TrackaTests.swift in Sources */,
				A86A36BF2D2E6E8500388942 /* TrackaUITestsLaunchTests.swift in Sources */,
				A86A36C02D2E6E8500388942 /* TrackaUITests.swift in Sources */,
			);
			runOnlyForDeploymentPostprocessing = 0;
		};
/* End PBXSourcesBuildPhase section */

/* Begin PBXTargetDependency section */
		79BA66312CA3A220002FFE3C /* PBXTargetDependency */ = {
			isa = PBXTargetDependency;
			target = 79BA661B2CA3A21E002FFE3C /* Tracka */;
			targetProxy = 79BA66302CA3A220002FFE3C /* PBXContainerItemProxy */;
		};
		79BA663B2CA3A220002FFE3C /* PBXTargetDependency */ = {
			isa = PBXTargetDependency;
			target = 79BA661B2CA3A21E002FFE3C /* Tracka */;
			targetProxy = 79BA663A2CA3A220002FFE3C /* PBXContainerItemProxy */;
		};
/* End PBXTargetDependency section */

/* Begin XCBuildConfiguration section */
		79BA66412CA3A220002FFE3C /* Debug */ = {
			isa = XCBuildConfiguration;
			buildSettings = {
				ALWAYS_SEARCH_USER_PATHS = NO;
				ASSETCATALOG_COMPILER_GENERATE_SWIFT_ASSET_SYMBOL_EXTENSIONS = YES;
				CLANG_ANALYZER_NONNULL = YES;
				CLANG_ANALYZER_NUMBER_OBJECT_CONVERSION = YES_AGGRESSIVE;
				CLANG_CXX_LANGUAGE_STANDARD = "gnu++20";
				CLANG_ENABLE_MODULES = YES;
				CLANG_ENABLE_OBJC_ARC = YES;
				CLANG_ENABLE_OBJC_WEAK = YES;
				CLANG_WARN_BLOCK_CAPTURE_AUTORELEASING = YES;
				CLANG_WARN_BOOL_CONVERSION = YES;
				CLANG_WARN_COMMA = YES;
				CLANG_WARN_CONSTANT_CONVERSION = YES;
				CLANG_WARN_DEPRECATED_OBJC_IMPLEMENTATIONS = YES;
				CLANG_WARN_DIRECT_OBJC_ISA_USAGE = YES_ERROR;
				CLANG_WARN_DOCUMENTATION_COMMENTS = YES;
				CLANG_WARN_EMPTY_BODY = YES;
				CLANG_WARN_ENUM_CONVERSION = YES;
				CLANG_WARN_INFINITE_RECURSION = YES;
				CLANG_WARN_INT_CONVERSION = YES;
				CLANG_WARN_NON_LITERAL_NULL_CONVERSION = YES;
				CLANG_WARN_OBJC_IMPLICIT_RETAIN_SELF = YES;
				CLANG_WARN_OBJC_LITERAL_CONVERSION = YES;
				CLANG_WARN_OBJC_ROOT_CLASS = YES_ERROR;
				CLANG_WARN_QUOTED_INCLUDE_IN_FRAMEWORK_HEADER = YES;
				CLANG_WARN_RANGE_LOOP_ANALYSIS = YES;
				CLANG_WARN_STRICT_PROTOTYPES = YES;
				CLANG_WARN_SUSPICIOUS_MOVE = YES;
				CLANG_WARN_UNGUARDED_AVAILABILITY = YES_AGGRESSIVE;
				CLANG_WARN_UNREACHABLE_CODE = YES;
				CLANG_WARN__DUPLICATE_METHOD_MATCH = YES;
				COPY_PHASE_STRIP = NO;
				DEAD_CODE_STRIPPING = YES;
				DEBUG_INFORMATION_FORMAT = dwarf;
				ENABLE_STRICT_OBJC_MSGSEND = YES;
				ENABLE_TESTABILITY = YES;
				ENABLE_USER_SCRIPT_SANDBOXING = YES;
				GCC_C_LANGUAGE_STANDARD = gnu17;
				GCC_DYNAMIC_NO_PIC = NO;
				GCC_NO_COMMON_BLOCKS = YES;
				GCC_OPTIMIZATION_LEVEL = 0;
				GCC_PREPROCESSOR_DEFINITIONS = (
					"DEBUG=1",
					"$(inherited)",
				);
				GCC_WARN_64_TO_32_BIT_CONVERSION = YES;
				GCC_WARN_ABOUT_RETURN_TYPE = YES_ERROR;
				GCC_WARN_UNDECLARED_SELECTOR = YES;
				GCC_WARN_UNINITIALIZED_AUTOS = YES_AGGRESSIVE;
				GCC_WARN_UNUSED_FUNCTION = YES;
				GCC_WARN_UNUSED_VARIABLE = YES;
				LOCALIZATION_PREFERS_STRING_CATALOGS = YES;
				MTL_ENABLE_DEBUG_INFO = INCLUDE_SOURCE;
				MTL_FAST_MATH = YES;
				ONLY_ACTIVE_ARCH = YES;
				SWIFT_ACTIVE_COMPILATION_CONDITIONS = "DEBUG $(inherited)";
				SWIFT_OPTIMIZATION_LEVEL = "-Onone";
				SWIFT_VERSION = "";
			};
			name = Debug;
		};
		79BA66422CA3A220002FFE3C /* Release */ = {
			isa = XCBuildConfiguration;
			buildSettings = {
				ALWAYS_SEARCH_USER_PATHS = NO;
				ASSETCATALOG_COMPILER_GENERATE_SWIFT_ASSET_SYMBOL_EXTENSIONS = YES;
				CLANG_ANALYZER_NONNULL = YES;
				CLANG_ANALYZER_NUMBER_OBJECT_CONVERSION = YES_AGGRESSIVE;
				CLANG_CXX_LANGUAGE_STANDARD = "gnu++20";
				CLANG_ENABLE_MODULES = YES;
				CLANG_ENABLE_OBJC_ARC = YES;
				CLANG_ENABLE_OBJC_WEAK = YES;
				CLANG_WARN_BLOCK_CAPTURE_AUTORELEASING = YES;
				CLANG_WARN_BOOL_CONVERSION = YES;
				CLANG_WARN_COMMA = YES;
				CLANG_WARN_CONSTANT_CONVERSION = YES;
				CLANG_WARN_DEPRECATED_OBJC_IMPLEMENTATIONS = YES;
				CLANG_WARN_DIRECT_OBJC_ISA_USAGE = YES_ERROR;
				CLANG_WARN_DOCUMENTATION_COMMENTS = YES;
				CLANG_WARN_EMPTY_BODY = YES;
				CLANG_WARN_ENUM_CONVERSION = YES;
				CLANG_WARN_INFINITE_RECURSION = YES;
				CLANG_WARN_INT_CONVERSION = YES;
				CLANG_WARN_NON_LITERAL_NULL_CONVERSION = YES;
				CLANG_WARN_OBJC_IMPLICIT_RETAIN_SELF = YES;
				CLANG_WARN_OBJC_LITERAL_CONVERSION = YES;
				CLANG_WARN_OBJC_ROOT_CLASS = YES_ERROR;
				CLANG_WARN_QUOTED_INCLUDE_IN_FRAMEWORK_HEADER = YES;
				CLANG_WARN_RANGE_LOOP_ANALYSIS = YES;
				CLANG_WARN_STRICT_PROTOTYPES = YES;
				CLANG_WARN_SUSPICIOUS_MOVE = YES;
				CLANG_WARN_UNGUARDED_AVAILABILITY = YES_AGGRESSIVE;
				CLANG_WARN_UNREACHABLE_CODE = YES;
				CLANG_WARN__DUPLICATE_METHOD_MATCH = YES;
				COPY_PHASE_STRIP = NO;
				DEAD_CODE_STRIPPING = YES;
				DEBUG_INFORMATION_FORMAT = "dwarf-with-dsym";
				ENABLE_NS_ASSERTIONS = NO;
				ENABLE_STRICT_OBJC_MSGSEND = YES;
				ENABLE_USER_SCRIPT_SANDBOXING = YES;
				GCC_C_LANGUAGE_STANDARD = gnu17;
				GCC_NO_COMMON_BLOCKS = YES;
				GCC_WARN_64_TO_32_BIT_CONVERSION = YES;
				GCC_WARN_ABOUT_RETURN_TYPE = YES_ERROR;
				GCC_WARN_UNDECLARED_SELECTOR = YES;
				GCC_WARN_UNINITIALIZED_AUTOS = YES_AGGRESSIVE;
				GCC_WARN_UNUSED_FUNCTION = YES;
				GCC_WARN_UNUSED_VARIABLE = YES;
				LOCALIZATION_PREFERS_STRING_CATALOGS = YES;
				MTL_ENABLE_DEBUG_INFO = NO;
				MTL_FAST_MATH = YES;
				SWIFT_COMPILATION_MODE = wholemodule;
				SWIFT_VERSION = "";
			};
			name = Release;
		};
		79BA66442CA3A220002FFE3C /* Debug */ = {
			isa = XCBuildConfiguration;
			buildSettings = {
				ASSETCATALOG_COMPILER_APPICON_NAME = AppIcon;
				ASSETCATALOG_COMPILER_GLOBAL_ACCENT_COLOR_NAME = AccentColor;
				CODE_SIGN_ENTITLEMENTS = Apillog/Apillog.entitlements;
				CODE_SIGN_STYLE = Manual;
				CURRENT_PROJECT_VERSION = 1;
				DEAD_CODE_STRIPPING = YES;
				DEVELOPMENT_ASSET_PATHS = "\"Apillog/Preview Content\"";
				DEVELOPMENT_TEAM = "";
				ENABLE_HARDENED_RUNTIME = YES;
				ENABLE_PREVIEWS = YES;
				GENERATE_INFOPLIST_FILE = YES;
				"INFOPLIST_KEY_UIApplicationSceneManifest_Generation[sdk=iphoneos*]" = YES;
				"INFOPLIST_KEY_UIApplicationSceneManifest_Generation[sdk=iphonesimulator*]" = YES;
				"INFOPLIST_KEY_UIApplicationSupportsIndirectInputEvents[sdk=iphoneos*]" = YES;
				"INFOPLIST_KEY_UIApplicationSupportsIndirectInputEvents[sdk=iphonesimulator*]" = YES;
				"INFOPLIST_KEY_UILaunchScreen_Generation[sdk=iphoneos*]" = YES;
				"INFOPLIST_KEY_UILaunchScreen_Generation[sdk=iphonesimulator*]" = YES;
				"INFOPLIST_KEY_UIStatusBarStyle[sdk=iphoneos*]" = UIStatusBarStyleDefault;
				"INFOPLIST_KEY_UIStatusBarStyle[sdk=iphonesimulator*]" = UIStatusBarStyleDefault;
				INFOPLIST_KEY_UISupportedInterfaceOrientations_iPad = "UIInterfaceOrientationPortrait UIInterfaceOrientationPortraitUpsideDown UIInterfaceOrientationLandscapeLeft UIInterfaceOrientationLandscapeRight";
				INFOPLIST_KEY_UISupportedInterfaceOrientations_iPhone = "UIInterfaceOrientationPortrait UIInterfaceOrientationLandscapeLeft UIInterfaceOrientationLandscapeRight";
				IPHONEOS_DEPLOYMENT_TARGET = 18.0;
				LD_RUNPATH_SEARCH_PATHS = "@executable_path/Frameworks";
				"LD_RUNPATH_SEARCH_PATHS[sdk=macosx*]" = "@executable_path/../Frameworks";
				MACOSX_DEPLOYMENT_TARGET = 14.0;
				MARKETING_VERSION = 1.0;
				PRODUCT_BUNDLE_IDENTIFIER = com.tracka;
				PRODUCT_NAME = "$(TARGET_NAME)";
				PROVISIONING_PROFILE_SPECIFIER = "";
				SDKROOT = auto;
				SUPPORTED_PLATFORMS = "iphoneos iphonesimulator macosx xros xrsimulator";
				SWIFT_EMIT_LOC_STRINGS = YES;
				SWIFT_VERSION = 5.0;
				TARGETED_DEVICE_FAMILY = "1,2,7";
				XROS_DEPLOYMENT_TARGET = 2.0;
			};
			name = Debug;
		};
		79BA66452CA3A220002FFE3C /* Release */ = {
			isa = XCBuildConfiguration;
			buildSettings = {
				ASSETCATALOG_COMPILER_APPICON_NAME = AppIcon;
				ASSETCATALOG_COMPILER_GLOBAL_ACCENT_COLOR_NAME = AccentColor;
				CODE_SIGN_ENTITLEMENTS = Apillog/Apillog.entitlements;
				CODE_SIGN_STYLE = Manual;
				CURRENT_PROJECT_VERSION = 1;
				DEAD_CODE_STRIPPING = YES;
				DEVELOPMENT_ASSET_PATHS = "\"Apillog/Preview Content\"";
				DEVELOPMENT_TEAM = "";
				ENABLE_HARDENED_RUNTIME = YES;
				ENABLE_PREVIEWS = YES;
				GENERATE_INFOPLIST_FILE = YES;
				"INFOPLIST_KEY_UIApplicationSceneManifest_Generation[sdk=iphoneos*]" = YES;
				"INFOPLIST_KEY_UIApplicationSceneManifest_Generation[sdk=iphonesimulator*]" = YES;
				"INFOPLIST_KEY_UIApplicationSupportsIndirectInputEvents[sdk=iphoneos*]" = YES;
				"INFOPLIST_KEY_UIApplicationSupportsIndirectInputEvents[sdk=iphonesimulator*]" = YES;
				"INFOPLIST_KEY_UILaunchScreen_Generation[sdk=iphoneos*]" = YES;
				"INFOPLIST_KEY_UILaunchScreen_Generation[sdk=iphonesimulator*]" = YES;
				"INFOPLIST_KEY_UIStatusBarStyle[sdk=iphoneos*]" = UIStatusBarStyleDefault;
				"INFOPLIST_KEY_UIStatusBarStyle[sdk=iphonesimulator*]" = UIStatusBarStyleDefault;
				INFOPLIST_KEY_UISupportedInterfaceOrientations_iPad = "UIInterfaceOrientationPortrait UIInterfaceOrientationPortraitUpsideDown UIInterfaceOrientationLandscapeLeft UIInterfaceOrientationLandscapeRight";
				INFOPLIST_KEY_UISupportedInterfaceOrientations_iPhone = "UIInterfaceOrientationPortrait UIInterfaceOrientationLandscapeLeft UIInterfaceOrientationLandscapeRight";
				IPHONEOS_DEPLOYMENT_TARGET = 18.0;
				LD_RUNPATH_SEARCH_PATHS = "@executable_path/Frameworks";
				"LD_RUNPATH_SEARCH_PATHS[sdk=macosx*]" = "@executable_path/../Frameworks";
				MACOSX_DEPLOYMENT_TARGET = 14.0;
				MARKETING_VERSION = 1.0;
				PRODUCT_BUNDLE_IDENTIFIER = com.tracka;
				PRODUCT_NAME = "$(TARGET_NAME)";
				PROVISIONING_PROFILE_SPECIFIER = "";
				SDKROOT = auto;
				SUPPORTED_PLATFORMS = "iphoneos iphonesimulator macosx xros xrsimulator";
				SWIFT_EMIT_LOC_STRINGS = YES;
				SWIFT_VERSION = 5.0;
				TARGETED_DEVICE_FAMILY = "1,2,7";
				XROS_DEPLOYMENT_TARGET = 2.0;
			};
			name = Release;
		};
		79BA66472CA3A220002FFE3C /* Debug */ = {
			isa = XCBuildConfiguration;
			buildSettings = {
				BUNDLE_LOADER = "$(TEST_HOST)";
				CODE_SIGN_STYLE = Automatic;
				CURRENT_PROJECT_VERSION = 1;
				DEAD_CODE_STRIPPING = YES;
				DEVELOPMENT_TEAM = 22A6RK2943;
				GENERATE_INFOPLIST_FILE = YES;
				IPHONEOS_DEPLOYMENT_TARGET = 18.0;
				MACOSX_DEPLOYMENT_TARGET = 15.0;
				MARKETING_VERSION = 1.0;
				PRODUCT_BUNDLE_IDENTIFIER = me.yeniful.ApillogTests;
				PRODUCT_NAME = "$(TARGET_NAME)";
				SDKROOT = auto;
				SUPPORTED_PLATFORMS = "iphoneos iphonesimulator macosx xros xrsimulator";
				SWIFT_EMIT_LOC_STRINGS = NO;
				SWIFT_VERSION = 5.0;
				TARGETED_DEVICE_FAMILY = "1,2,7";
				TEST_HOST = "$(BUILT_PRODUCTS_DIR)/Tracka.app/$(BUNDLE_EXECUTABLE_FOLDER_PATH)/Tracka";
				XROS_DEPLOYMENT_TARGET = 2.0;
			};
			name = Debug;
		};
		79BA66482CA3A220002FFE3C /* Release */ = {
			isa = XCBuildConfiguration;
			buildSettings = {
				BUNDLE_LOADER = "$(TEST_HOST)";
				CODE_SIGN_STYLE = Automatic;
				CURRENT_PROJECT_VERSION = 1;
				DEAD_CODE_STRIPPING = YES;
				DEVELOPMENT_TEAM = 22A6RK2943;
				GENERATE_INFOPLIST_FILE = YES;
				IPHONEOS_DEPLOYMENT_TARGET = 18.0;
				MACOSX_DEPLOYMENT_TARGET = 15.0;
				MARKETING_VERSION = 1.0;
				PRODUCT_BUNDLE_IDENTIFIER = me.yeniful.ApillogTests;
				PRODUCT_NAME = "$(TARGET_NAME)";
				SDKROOT = auto;
				SUPPORTED_PLATFORMS = "iphoneos iphonesimulator macosx xros xrsimulator";
				SWIFT_EMIT_LOC_STRINGS = NO;
				SWIFT_VERSION = 5.0;
				TARGETED_DEVICE_FAMILY = "1,2,7";
				TEST_HOST = "$(BUILT_PRODUCTS_DIR)/Tracka.app/$(BUNDLE_EXECUTABLE_FOLDER_PATH)/Tracka";
				XROS_DEPLOYMENT_TARGET = 2.0;
			};
			name = Release;
		};
		79BA664A2CA3A220002FFE3C /* Debug */ = {
			isa = XCBuildConfiguration;
			buildSettings = {
				CODE_SIGN_STYLE = Automatic;
				CURRENT_PROJECT_VERSION = 1;
				DEAD_CODE_STRIPPING = YES;
				DEVELOPMENT_TEAM = 22A6RK2943;
				GENERATE_INFOPLIST_FILE = YES;
				IPHONEOS_DEPLOYMENT_TARGET = 18.0;
				MACOSX_DEPLOYMENT_TARGET = 15.0;
				MARKETING_VERSION = 1.0;
				PRODUCT_BUNDLE_IDENTIFIER = me.yeniful.ApillogUITests;
				PRODUCT_NAME = "$(TARGET_NAME)";
				SDKROOT = auto;
				SUPPORTED_PLATFORMS = "iphoneos iphonesimulator macosx xros xrsimulator";
				SWIFT_EMIT_LOC_STRINGS = NO;
				SWIFT_VERSION = 5.0;
				TARGETED_DEVICE_FAMILY = "1,2,7";
				TEST_TARGET_NAME = Apillog;
				XROS_DEPLOYMENT_TARGET = 2.0;
			};
			name = Debug;
		};
		79BA664B2CA3A220002FFE3C /* Release */ = {
			isa = XCBuildConfiguration;
			buildSettings = {
				CODE_SIGN_STYLE = Automatic;
				CURRENT_PROJECT_VERSION = 1;
				DEAD_CODE_STRIPPING = YES;
				DEVELOPMENT_TEAM = 22A6RK2943;
				GENERATE_INFOPLIST_FILE = YES;
				IPHONEOS_DEPLOYMENT_TARGET = 18.0;
				MACOSX_DEPLOYMENT_TARGET = 15.0;
				MARKETING_VERSION = 1.0;
				PRODUCT_BUNDLE_IDENTIFIER = me.yeniful.ApillogUITests;
				PRODUCT_NAME = "$(TARGET_NAME)";
				SDKROOT = auto;
				SUPPORTED_PLATFORMS = "iphoneos iphonesimulator macosx xros xrsimulator";
				SWIFT_EMIT_LOC_STRINGS = NO;
				SWIFT_VERSION = 5.0;
				TARGETED_DEVICE_FAMILY = "1,2,7";
				TEST_TARGET_NAME = Apillog;
				XROS_DEPLOYMENT_TARGET = 2.0;
			};
			name = Release;
		};
/* End XCBuildConfiguration section */

/* Begin XCConfigurationList section */
		79BA66172CA3A21E002FFE3C /* Build configuration list for PBXProject "Tracka" */ = {
			isa = XCConfigurationList;
			buildConfigurations = (
				79BA66412CA3A220002FFE3C /* Debug */,
				79BA66422CA3A220002FFE3C /* Release */,
			);
			defaultConfigurationIsVisible = 0;
			defaultConfigurationName = Release;
		};
		79BA66432CA3A220002FFE3C /* Build configuration list for PBXNativeTarget "Tracka" */ = {
			isa = XCConfigurationList;
			buildConfigurations = (
				79BA66442CA3A220002FFE3C /* Debug */,
				79BA66452CA3A220002FFE3C /* Release */,
			);
			defaultConfigurationIsVisible = 0;
			defaultConfigurationName = Release;
		};
		79BA66462CA3A220002FFE3C /* Build configuration list for PBXNativeTarget "TrackaTests" */ = {
			isa = XCConfigurationList;
			buildConfigurations = (
				79BA66472CA3A220002FFE3C /* Debug */,
				79BA66482CA3A220002FFE3C /* Release */,
			);
			defaultConfigurationIsVisible = 0;
			defaultConfigurationName = Release;
		};
		79BA66492CA3A220002FFE3C /* Build configuration list for PBXNativeTarget "TrackaUITests" */ = {
			isa = XCConfigurationList;
			buildConfigurations = (
				79BA664A2CA3A220002FFE3C /* Debug */,
				79BA664B2CA3A220002FFE3C /* Release */,
			);
			defaultConfigurationIsVisible = 0;
			defaultConfigurationName = Release;
		};
/* End XCConfigurationList section */
	};
	rootObject = 79BA66142CA3A21E002FFE3C /* Project object */;
}
